{
  "name": "gnosis-safe-app-beluga",
  "version": "1.0.0",
  "lockfileVersion": 1,
  "requires": true,
  "dependencies": {
    "@gnosis.pm/safe-apps-sdk": {
      "version": "3.0.0",
      "resolved": "https://registry.npmjs.org/@gnosis.pm/safe-apps-sdk/-/safe-apps-sdk-3.0.0.tgz",
      "integrity": "sha512-dLCSlniYnxEqCglx4XdhByvi7KKuSYRWJKm1lVXAc4oJqwwVkoCwp0bFIejLZ/dnf7cQSBUUVsTGWhvSda511w=="
    }
  }
}
